{
  "name": "miniprogram",
  "version": "1.0.0",
  "lockfileVersion": 3,
  "requires": true,
  "packages": {
    "": {
      "name": "miniprogram",
      "version": "1.0.0",
      "license": "ISC",
      "dependencies": {
        "@cloudbase/wx-cloud-client-sdk": "^1.2.1",
        "@vant/weapp": "^1.11.7",
        "wx-promise-pro": "^3.2.4"
      }
    },
    "node_modules/@cloudbase/wx-cloud-client-sdk": {
      "version": "1.2.1",
      "resolved": "https://registry.npmjs.org/@cloudbase/wx-cloud-client-sdk/-/wx-cloud-client-sdk-1.2.1.tgz",
      "integrity": "sha512-cpV9+xiY6O/7nli+JUu5el0BpV44GEQN2msrHSupc5DEMIdfr78PbZFD/heiq8EpngLGLZiyCsOAfBrGHBtEtA=="
    },
    "node_modules/@vant/weapp": {
      "version": "1.11.7",
      "resolved": "https://registry.npmjs.org/@vant/weapp/-/weapp-1.11.7.tgz",
      "integrity": "sha512-Rwn9BBnb4kHSV4XmvBicwtd42J+amEUfnFDcXJsGNPNX4a9c/DoT6YLsm4X1wB2+sQbdiQsbFBLAvGRBxCkD8g==",
      "license": "MIT"
    },
    "node_modules/wx-promise-pro": {
      "version": "3.2.4",
      "resolved": "https://registry.npmjs.org/wx-promise-pro/-/wx-promise-pro-3.2.4.tgz",
      "integrity": "sha512-MlMutHEUzMGXwefUt7xusr4UNs6s5/52ZUVjmwe1BBLmwz+4eUDw5jIzoHqwhBBKtagMdrn7V5aHFH8vxgeNiQ==",
      "license": "MIT"
    }
  }
}
